
Microsoft Visual Studio Solution File, Format Version 12.00
# Visual Studio Version 16
VisualStudioVersion = 16.0.30611.23
MinimumVisualStudioVersion = 10.0.40219.1
Project("{FAE04EC0-301F-11D3-BF4B-00C04F79EFBC}") = "PokemonGo", "WpfApp2\PokemonGo.csproj", "{6FCD769E-6987-4DC1-A6FC-E749C54AE1EA}"
EndProject
Global
	GlobalSection(SolutionConfigurationPlatforms) = preSolution
		Debug|Any CPU = Debug|Any CPU
		Release|Any CPU = Release|Any CPU
	EndGlobalSection
	GlobalSection(ProjectConfigurationPlatforms) = postSolution
		{6FCD769E-6987-4DC1-A6FC-E749C54AE1EA}.Debug|Any CPU.ActiveCfg = Debug|Any CPU
		{6FCD769E-6987-4DC1-A6FC-E749C54AE1EA}.Debug|Any CPU.Build.0 = Debug|Any CPU
		{6FCD769E-6987-4DC1-A6FC-E749C54AE1EA}.Release|Any CPU.ActiveCfg = Release|Any CPU
		{6FCD769E-6987-4DC1-A6FC-E749C54AE1EA}.Release|Any CPU.Build.0 = Release|Any CPU
	EndGlobalSection
	GlobalSection(SolutionProperties) = preSolution
		HideSolutionNode = FALSE
	EndGlobalSection
	GlobalSection(ExtensibilityGlobals) = postSolution
		SolutionGuid = {FF1732BA-4C81-4D79-A6FA-C3F6C9FA0C94}
	EndGlobalSection
EndGlobal
